
Microsoft Visual Studio Solution File, Format Version 12.00
# Visual Studio 15
VisualStudioVersion = 15.0.27428.2037
MinimumVisualStudioVersion = 10.0.40219.1
Project("{FAE04EC0-301F-11D3-BF4B-00C04F79EFBC}") = "PCManager", "PCManager\PCManager.csproj", "{14424C78-DEB0-4D6C-98C5-C0EEFE25E6B8}"
EndProject
Global
	GlobalSection(SolutionConfigurationPlatforms) = preSolution
		Debug|Any CPU = Debug|Any CPU
		Release|Any CPU = Release|Any CPU
	EndGlobalSection
	GlobalSection(ProjectConfigurationPlatforms) = postSolution
		{14424C78-DEB0-4D6C-98C5-C0EEFE25E6B8}.Debug|Any CPU.ActiveCfg = Debug|Any CPU
		{14424C78-DEB0-4D6C-98C5-C0EEFE25E6B8}.Debug|Any CPU.Build.0 = Debug|Any CPU
		{14424C78-DEB0-4D6C-98C5-C0EEFE25E6B8}.Release|Any CPU.ActiveCfg = Release|Any CPU
		{14424C78-DEB0-4D6C-98C5-C0EEFE25E6B8}.Release|Any CPU.Build.0 = Release|Any CPU
	EndGlobalSection
	GlobalSection(SolutionProperties) = preSolution
		HideSolutionNode = FALSE
	EndGlobalSection
	GlobalSection(ExtensibilityGlobals) = postSolution
		SolutionGuid = {F2EF3F15-3877-41AD-9E69-67915884D2C2}
	EndGlobalSection
EndGlobal
